{
  "version": 4,
  "terraform_version": "0.12.24",
  "serial": 8,
  "lineage": "3f05952a-12b0-20a7-21e1-79aa3c9eaf73",
  "outputs": {
    "instance_name": {
      "value": "tf-mssql-public-158b57cb",
      "type": "string"
    },
    "mssql_connection": {
      "value": "carbon-relic-294615:us-central1:tf-mssql-public-158b57cb",
      "type": "string"
    },
    "project_id": {
      "value": "carbon-relic-294615",
      "type": "string"
    },
    "public_ip_address": {
      "value": "34.121.34.246",
      "type": "string"
    }
  },
  "resources": [
    {
      "module": "module.mssql",
      "mode": "managed",
      "type": "google_sql_database",
      "name": "default",
      "provider": "provider.google",
      "instances": [
        {
          "schema_version": 0,
          "attributes": {
            "charset": "",
            "collation": "SQL_Latin1_General_CP1_CI_AS",
            "id": "projects/carbon-relic-294615/instances/tf-mssql-public-158b57cb/databases/default",
            "instance": "tf-mssql-public-158b57cb",
            "name": "default",
            "project": "carbon-relic-294615",
            "self_link": "https://sqladmin.googleapis.com/sql/v1beta4/projects/carbon-relic-294615/instances/tf-mssql-public-158b57cb/databases/default",
            "timeouts": null
          },
          "private": "eyJlMmJmYjczMC1lY2FhLTExZTYtOGY4OC0zNDM2M2JjN2M0YzAiOnsiY3JlYXRlIjo5MDAwMDAwMDAwMDAsImRlbGV0ZSI6NjAwMDAwMDAwMDAwLCJ1cGRhdGUiOjYwMDAwMDAwMDAwMH19",
          "dependencies": [
            "module.mssql.google_sql_database_instance.default",
            "module.mssql.google_sql_user.default",
            "module.mssql.null_resource.module_depends_on",
            "module.mssql.random_id.suffix",
            "module.mssql.random_password.root-password",
            "module.mssql.random_password.user-password"
          ]
        }
      ]
    },
    {
      "module": "module.mssql",
      "mode": "managed",
      "type": "google_sql_database_instance",
      "name": "default",
      "provider": "provider.google-beta",
      "instances": [
        {
          "schema_version": 0,
          "attributes": {
            "connection_name": "carbon-relic-294615:us-central1:tf-mssql-public-158b57cb",
            "database_version": "SQLSERVER_2017_STANDARD",
            "deletion_protection": true,
            "encryption_key_name": null,
            "first_ip_address": "34.121.34.246",
            "id": "tf-mssql-public-158b57cb",
            "ip_address": [
              {
                "ip_address": "34.121.34.246",
                "time_to_retire": "",
                "type": "PRIMARY"
              }
            ],
            "master_instance_name": "",
            "name": "tf-mssql-public-158b57cb",
            "private_ip_address": "",
            "project": "carbon-relic-294615",
            "public_ip_address": "34.121.34.246",
            "region": "us-central1",
            "replica_configuration": [],
            "root_password": "fX*?UFT]",
            "self_link": "https://sqladmin.googleapis.com/sql/v1beta4/projects/carbon-relic-294615/instances/tf-mssql-public-158b57cb",
            "server_ca_cert": [
              {
                "cert": "-----BEGIN CERTIFICATE-----\nMIIDfzCCAmegAwIBAgIBADANBgkqhkiG9w0BAQsFADB3MS0wKwYDVQQuEyQ4ODU4\nYWU3Ny0xY2I0LTQ2YmUtYjczYy00NjY0MjQ3ZjFkYWExIzAhBgNVBAMTGkdvb2ds\nZSBDbG91ZCBTUUwgU2VydmVyIENBMRQwEgYDVQQKEwtHb29nbGUsIEluYzELMAkG\nA1UEBhMCVVMwHhcNMjAxMTA1MDQyMDQ4WhcNMzAxMTAzMDQyMTQ4WjB3MS0wKwYD\nVQQuEyQ4ODU4YWU3Ny0xY2I0LTQ2YmUtYjczYy00NjY0MjQ3ZjFkYWExIzAhBgNV\nBAMTGkdvb2dsZSBDbG91ZCBTUUwgU2VydmVyIENBMRQwEgYDVQQKEwtHb29nbGUs\nIEluYzELMAkGA1UEBhMCVVMwggEiMA0GCSqGSIb3DQEBAQUAA4IBDwAwggEKAoIB\nAQCuagdahWO3wZJVIHz+EctJP+P6AdWvAqUTxVucndpHoRW3/3ZjDfh1Kkh43YMz\nZZ0+20gqud8RqeuZ6ivzc680Fr+xAK1NMqwA3iquPuXVe0S+1AHYJwh1JvSKq9Sg\nzi9pR+NVlIp9p8EEryHRDOFs6repFtv19scr8WSfQW7TEbhzuZY/BQqjCYCYahGV\nefBHDwM6dCM4rsX7OlJLeKB4lk5z60X6Yb3mWZ1jRdaQ0Ni/NwKSL2h8mbfGphG8\nPMEzhouti17PhWqGXBmKwkixlHpLpTieK7QSQSGOae35eNjXV3nXCUH/8QzTJP3B\nx6SyIZIliX+HpS598dvZ9Ps5AgMBAAGjFjAUMBIGA1UdEwEB/wQIMAYBAf8CAQAw\nDQYJKoZIhvcNAQELBQADggEBAFq2RbTv2GGE2eoh1hdeNnvyGOBBZZ+p1VWlwBXw\nu6j8XHcGM+dhF/vEM7kI6W0iJx69fLYBcs32YR0DYJNTe827jI0a4I0YiAfNfIyW\n1YwNAobnPQF2++37wXQ1+mUeXbRyuE/WV7yZTKVvdv5WPcL/0yqlcT3IKMmx66bG\nLQEhsFcO64IEdvmdWq2E1VJ3A/1ye7GvQN2WGE8smlzHntFW+LV6TffZwVbB1qSk\nVk7Zu6bIlJ2wtLzouNcmvolU/S9HkX9d4VrvLbsYd6vJI/GFT74CiT1rV9M7v83d\nXvJlSCNYJsrB6qBeRQYuEFr9L6YzDJxdMCioqfVTJaYxjHM=\n-----END CERTIFICATE-----",
                "common_name": "C=US,O=Google\\, Inc,CN=Google Cloud SQL Server CA,dnQualifier=8858ae77-1cb4-46be-b73c-4664247f1daa",
                "create_time": "2020-11-05T04:20:48.367Z",
                "expiration_time": "2030-11-03T04:21:48.367Z",
                "sha1_fingerprint": "9099e93cc22b7cffdba7f984c47a6cc5c4369d21"
              }
            ],
            "service_account_email_address": "p823230574647-ecdqpw@gcp-sa-cloud-sql.iam.gserviceaccount.com",
            "settings": [
              {
                "activation_policy": "ALWAYS",
                "authorized_gae_applications": null,
                "availability_type": "ZONAL",
                "backup_configuration": [
                  {
                    "binary_log_enabled": false,
                    "enabled": false,
                    "location": "",
                    "point_in_time_recovery_enabled": false,
                    "start_time": "16:00"
                  }
                ],
                "crash_safe_replication": false,
                "database_flags": [],
                "disk_autoresize": true,
                "disk_size": 10,
                "disk_type": "PD_SSD",
                "ip_configuration": [
                  {
                    "authorized_networks": [],
                    "ipv4_enabled": true,
                    "private_network": "",
                    "require_ssl": false
                  }
                ],
                "location_preference": [
                  {
                    "follow_gae_application": "",
                    "zone": "us-central1-a"
                  }
                ],
                "maintenance_window": [],
                "pricing_plan": "PER_USE",
                "replication_type": "SYNCHRONOUS",
                "tier": "db-custom-2-3840",
                "user_labels": null,
                "version": 1
              }
            ],
            "timeouts": null
          },
          "private": "eyJlMmJmYjczMC1lY2FhLTExZTYtOGY4OC0zNDM2M2JjN2M0YzAiOnsiY3JlYXRlIjoxMjAwMDAwMDAwMDAwLCJkZWxldGUiOjEyMDAwMDAwMDAwMDAsInVwZGF0ZSI6MTIwMDAwMDAwMDAwMH19",
          "dependencies": [
            "module.mssql.null_resource.module_depends_on",
            "module.mssql.random_id.suffix",
            "module.mssql.random_password.root-password"
          ]
        }
      ]
    },
    {
      "module": "module.mssql",
      "mode": "managed",
      "type": "google_sql_user",
      "name": "default",
      "provider": "provider.google",
      "instances": [
        {
          "schema_version": 1,
          "attributes": {
            "host": "",
            "id": "simpleuser//tf-mssql-public-158b57cb",
            "instance": "tf-mssql-public-158b57cb",
            "name": "simpleuser",
            "password": "foobar",
            "project": "carbon-relic-294615",
            "timeouts": null
          },
          "private": "eyJlMmJmYjczMC1lY2FhLTExZTYtOGY4OC0zNDM2M2JjN2M0YzAiOnsiY3JlYXRlIjo2MDAwMDAwMDAwMDAsImRlbGV0ZSI6NjAwMDAwMDAwMDAwLCJ1cGRhdGUiOjYwMDAwMDAwMDAwMH0sInNjaGVtYV92ZXJzaW9uIjoiMSJ9",
          "dependencies": [
            "module.mssql.google_sql_database_instance.default",
            "module.mssql.null_resource.module_depends_on",
            "module.mssql.random_id.suffix",
            "module.mssql.random_password.root-password",
            "module.mssql.random_password.user-password"
          ]
        }
      ]
    },
    {
      "module": "module.mssql",
      "mode": "managed",
      "type": "null_resource",
      "name": "module_depends_on",
      "provider": "provider.null",
      "instances": [
        {
          "schema_version": 0,
          "attributes": {
            "id": "1331108656840258326",
            "triggers": {
              "value": "0"
            }
          },
          "private": "bnVsbA=="
        }
      ]
    },
    {
      "module": "module.mssql",
      "mode": "managed",
      "type": "random_id",
      "name": "suffix",
      "each": "list",
      "provider": "provider.random",
      "instances": [
        {
          "index_key": 0,
          "schema_version": 0,
          "attributes": {
            "b64_std": "FYtXyw==",
            "b64_url": "FYtXyw",
            "byte_length": 4,
            "dec": "361453515",
            "hex": "158b57cb",
            "id": "FYtXyw",
            "keepers": null,
            "prefix": null
          },
          "private": "bnVsbA=="
        }
      ]
    },
    {
      "module": "module.mssql",
      "mode": "managed",
      "type": "random_password",
      "name": "root-password",
      "provider": "provider.random",
      "instances": [
        {
          "schema_version": 0,
          "attributes": {
            "id": "none",
            "keepers": null,
            "length": 8,
            "lower": true,
            "min_lower": 0,
            "min_numeric": 0,
            "min_special": 0,
            "min_upper": 0,
            "number": true,
            "override_special": null,
            "result": "fX*?UFT]",
            "special": true,
            "upper": true
          },
          "private": "bnVsbA=="
        }
      ]
    },
    {
      "module": "module.mssql",
      "mode": "managed",
      "type": "random_password",
      "name": "user-password",
      "provider": "provider.random",
      "instances": [
        {
          "schema_version": 0,
          "attributes": {
            "id": "none",
            "keepers": null,
            "length": 8,
            "lower": true,
            "min_lower": 0,
            "min_numeric": 0,
            "min_special": 0,
            "min_upper": 0,
            "number": true,
            "override_special": null,
            "result": "1Z4gt\u003cUT",
            "special": true,
            "upper": true
          },
          "private": "bnVsbA==",
          "dependencies": [
            "module.mssql.google_sql_database_instance.default",
            "module.mssql.null_resource.module_depends_on",
            "module.mssql.random_id.suffix",
            "module.mssql.random_password.root-password"
          ]
        }
      ]
    }
  ]
}
